
Microsoft Visual Studio Solution File, Format Version 12.00
# Visual Studio Version 16
VisualStudioVersion = 16.0.31613.86
MinimumVisualStudioVersion = 10.0.40219.1
Project("{FAE04EC0-301F-11D3-BF4B-00C04F79EFBC}") = "WinPop", "WinPop\WinPop.csproj", "{560BBDFD-62D4-4E0C-A322-105FBED11763}"
EndProject
Project("{FAE04EC0-301F-11D3-BF4B-00C04F79EFBC}") = "Service.Message", "Service.Message\Service.Message.csproj", "{68279BB5-B011-460F-BE21-36773F49B607}"
EndProject
Global
	GlobalSection(SolutionConfigurationPlatforms) = preSolution
		Debug|Any CPU = Debug|Any CPU
		Release|Any CPU = Release|Any CPU
	EndGlobalSection
	GlobalSection(ProjectConfigurationPlatforms) = postSolution
		{560BBDFD-62D4-4E0C-A322-105FBED11763}.Debug|Any CPU.ActiveCfg = Debug|Any CPU
		{560BBDFD-62D4-4E0C-A322-105FBED11763}.Debug|Any CPU.Build.0 = Debug|Any CPU
		{560BBDFD-62D4-4E0C-A322-105FBED11763}.Release|Any CPU.ActiveCfg = Release|Any CPU
		{560BBDFD-62D4-4E0C-A322-105FBED11763}.Release|Any CPU.Build.0 = Release|Any CPU
		{68279BB5-B011-460F-BE21-36773F49B607}.Debug|Any CPU.ActiveCfg = Debug|Any CPU
		{68279BB5-B011-460F-BE21-36773F49B607}.Debug|Any CPU.Build.0 = Debug|Any CPU
		{68279BB5-B011-460F-BE21-36773F49B607}.Release|Any CPU.ActiveCfg = Release|Any CPU
		{68279BB5-B011-460F-BE21-36773F49B607}.Release|Any CPU.Build.0 = Release|Any CPU
	EndGlobalSection
	GlobalSection(SolutionProperties) = preSolution
		HideSolutionNode = FALSE
	EndGlobalSection
	GlobalSection(ExtensibilityGlobals) = postSolution
		SolutionGuid = {0351F616-C20D-41E5-B71A-A0AB9CEBD8EC}
	EndGlobalSection
EndGlobal
